
Microsoft Visual Studio Solution File, Format Version 12.00
# Visual Studio Version 17
VisualStudioVersion = 17.9.34622.214
MinimumVisualStudioVersion = 10.0.40219.1
Project("{9A19103F-16F7-4668-BE54-9A1E7A4F7556}") = "BooksStoreApp", "BooksStoreApp\BooksStoreApp.csproj", "{81F5829D-7644-405D-9385-39F52E9AF421}"
EndProject
Project("{FAE04EC0-301F-11D3-BF4B-00C04F79EFBC}") = "BooksStore.DataAccess", "BooksStore.DataAccess\BooksStore.DataAccess.csproj", "{4AE89E04-443F-4BC3-B352-0F3D01034F2A}"
EndProject
Project("{FAE04EC0-301F-11D3-BF4B-00C04F79EFBC}") = "BooksStore.Models", "BooksStore.Models\BooksStore.Models.csproj", "{172C5738-2B03-46B6-BD39-78BB5458B95B}"
EndProject
Project("{FAE04EC0-301F-11D3-BF4B-00C04F79EFBC}") = "BooksStore.Utility", "BooksStore.Utility\BooksStore.Utility.csproj", "{8BEFD3A9-19EB-4CD0-B423-C22F532DAF36}"
EndProject
Global
	GlobalSection(SolutionConfigurationPlatforms) = preSolution
		Debug|Any CPU = Debug|Any CPU
		Release|Any CPU = Release|Any CPU
	EndGlobalSection
	GlobalSection(ProjectConfigurationPlatforms) = postSolution
		{81F5829D-7644-405D-9385-39F52E9AF421}.Debug|Any CPU.ActiveCfg = Debug|Any CPU
		{81F5829D-7644-405D-9385-39F52E9AF421}.Debug|Any CPU.Build.0 = Debug|Any CPU
		{81F5829D-7644-405D-9385-39F52E9AF421}.Release|Any CPU.ActiveCfg = Release|Any CPU
		{81F5829D-7644-405D-9385-39F52E9AF421}.Release|Any CPU.Build.0 = Release|Any CPU
		{4AE89E04-443F-4BC3-B352-0F3D01034F2A}.Debug|Any CPU.ActiveCfg = Debug|Any CPU
		{4AE89E04-443F-4BC3-B352-0F3D01034F2A}.Debug|Any CPU.Build.0 = Debug|Any CPU
		{4AE89E04-443F-4BC3-B352-0F3D01034F2A}.Release|Any CPU.ActiveCfg = Release|Any CPU
		{4AE89E04-443F-4BC3-B352-0F3D01034F2A}.Release|Any CPU.Build.0 = Release|Any CPU
		{172C5738-2B03-46B6-BD39-78BB5458B95B}.Debug|Any CPU.ActiveCfg = Debug|Any CPU
		{172C5738-2B03-46B6-BD39-78BB5458B95B}.Debug|Any CPU.Build.0 = Debug|Any CPU
		{172C5738-2B03-46B6-BD39-78BB5458B95B}.Release|Any CPU.ActiveCfg = Release|Any CPU
		{172C5738-2B03-46B6-BD39-78BB5458B95B}.Release|Any CPU.Build.0 = Release|Any CPU
		{8BEFD3A9-19EB-4CD0-B423-C22F532DAF36}.Debug|Any CPU.ActiveCfg = Debug|Any CPU
		{8BEFD3A9-19EB-4CD0-B423-C22F532DAF36}.Debug|Any CPU.Build.0 = Debug|Any CPU
		{8BEFD3A9-19EB-4CD0-B423-C22F532DAF36}.Release|Any CPU.ActiveCfg = Release|Any CPU
		{8BEFD3A9-19EB-4CD0-B423-C22F532DAF36}.Release|Any CPU.Build.0 = Release|Any CPU
	EndGlobalSection
	GlobalSection(SolutionProperties) = preSolution
		HideSolutionNode = FALSE
	EndGlobalSection
	GlobalSection(ExtensibilityGlobals) = postSolution
		SolutionGuid = {A7F5695E-00B4-421B-993A-0565083E8E7C}
	EndGlobalSection
EndGlobal
